
Microsoft Visual Studio Solution File, Format Version 12.00
# Visual Studio Version 17
VisualStudioVersion = 17.6.33723.286
MinimumVisualStudioVersion = 10.0.40219.1
Project("{8BC9CEB8-8B4A-11D0-8D11-00A0C91BC942}") = "plagiarism_check", "plagiarism_check.vcxproj", "{4CADF945-0578-410D-8BB0-AAB040B8FAEC}"
EndProject
Project("{8BC9CEB8-8B4A-11D0-8D11-00A0C91BC942}") = "plagiarism_check_unit_test", "..\plagiarism_check_unit_test\plagiarism_check_unit_test.vcxproj", "{5CB98BFE-DC1B-4A60-905A-853C301608B6}"
EndProject
Global
	GlobalSection(SolutionConfigurationPlatforms) = preSolution
		Debug|x64 = Debug|x64
		Debug|x86 = Debug|x86
		Release|x64 = Release|x64
		Release|x86 = Release|x86
	EndGlobalSection
	GlobalSection(ProjectConfigurationPlatforms) = postSolution
		{4CADF945-0578-410D-8BB0-AAB040B8FAEC}.Debug|x64.ActiveCfg = Debug|x64
		{4CADF945-0578-410D-8BB0-AAB040B8FAEC}.Debug|x64.Build.0 = Debug|x64
		{4CADF945-0578-410D-8BB0-AAB040B8FAEC}.Debug|x86.ActiveCfg = Debug|Win32
		{4CADF945-0578-410D-8BB0-AAB040B8FAEC}.Debug|x86.Build.0 = Debug|Win32
		{4CADF945-0578-410D-8BB0-AAB040B8FAEC}.Release|x64.ActiveCfg = Release|x64
		{4CADF945-0578-410D-8BB0-AAB040B8FAEC}.Release|x64.Build.0 = Release|x64
		{4CADF945-0578-410D-8BB0-AAB040B8FAEC}.Release|x86.ActiveCfg = Release|Win32
		{4CADF945-0578-410D-8BB0-AAB040B8FAEC}.Release|x86.Build.0 = Release|Win32
		{5CB98BFE-DC1B-4A60-905A-853C301608B6}.Debug|x64.ActiveCfg = Debug|x64
		{5CB98BFE-DC1B-4A60-905A-853C301608B6}.Debug|x64.Build.0 = Debug|x64
		{5CB98BFE-DC1B-4A60-905A-853C301608B6}.Debug|x86.ActiveCfg = Debug|Win32
		{5CB98BFE-DC1B-4A60-905A-853C301608B6}.Debug|x86.Build.0 = Debug|Win32
		{5CB98BFE-DC1B-4A60-905A-853C301608B6}.Release|x64.ActiveCfg = Release|x64
		{5CB98BFE-DC1B-4A60-905A-853C301608B6}.Release|x64.Build.0 = Release|x64
		{5CB98BFE-DC1B-4A60-905A-853C301608B6}.Release|x86.ActiveCfg = Release|Win32
		{5CB98BFE-DC1B-4A60-905A-853C301608B6}.Release|x86.Build.0 = Release|Win32
	EndGlobalSection
	GlobalSection(SolutionProperties) = preSolution
		HideSolutionNode = FALSE
	EndGlobalSection
	GlobalSection(ExtensibilityGlobals) = postSolution
		SolutionGuid = {B36426A1-53AB-4FF6-BB59-2A9409464059}
	EndGlobalSection
EndGlobal
