<?xml version="1.0" encoding="utf-8"?>
<Project ToolsVersion="17.0" xmlns="http://schemas.microsoft.com/developer/msbuild/2003">
  <ItemGroup>
    <ClCompile Include="E:\2024_project\plagiarism_check\cppjieba-master\test\demo.cpp">
      <Filter>Source Files</Filter>
    </ClCompile>
  </ItemGroup>
  <ItemGroup>
    <CustomBuild Include="E:\2024_project\plagiarism_check\cppjieba-master\test\CMakeLists.txt" />
  </ItemGroup>
  <ItemGroup>
    <Filter Include="Source Files">
      <UniqueIdentifier>{0DC78532-D4D6-39EB-BFEA-684E8C505659}</UniqueIdentifier>
    </Filter>
  </ItemGroup>
</Project>
